
Microsoft Visual Studio Solution File, Format Version 12.00
# Visual Studio 15
Project("{FAE04EC0-301F-11D3-BF4B-00C04F79EFBC}") = "Assembly-CSharp", "Assembly-CSharp.csproj", "{4CC933C4-3DB1-DD5B-BDCE-39132A76C6FA}"
EndProject
Project("{FAE04EC0-301F-11D3-BF4B-00C04F79EFBC}") = "Assembly-CSharp", "Assembly-CSharp.Player.csproj", "{DA484018-AAE3-8969-8D96-E182390095B0}"
EndProject
Global
	GlobalSection(SolutionConfigurationPlatforms) = preSolution
		Debug|Any CPU = Debug|Any CPU
		Release|Any CPU = Release|Any CPU
	EndGlobalSection
	GlobalSection(ProjectConfigurationPlatforms) = postSolution
		{4CC933C4-3DB1-DD5B-BDCE-39132A76C6FA}.Debug|Any CPU.ActiveCfg = Debug|Any CPU
		{4CC933C4-3DB1-DD5B-BDCE-39132A76C6FA}.Debug|Any CPU.Build.0 = Debug|Any CPU
		{4CC933C4-3DB1-DD5B-BDCE-39132A76C6FA}.Release|Any CPU.ActiveCfg = Release|Any CPU
		{4CC933C4-3DB1-DD5B-BDCE-39132A76C6FA}.Release|Any CPU.Build.0 = Release|Any CPU
		{DA484018-AAE3-8969-8D96-E182390095B0}.Debug|Any CPU.ActiveCfg = Debug|Any CPU
		{DA484018-AAE3-8969-8D96-E182390095B0}.Debug|Any CPU.Build.0 = Debug|Any CPU
		{DA484018-AAE3-8969-8D96-E182390095B0}.Release|Any CPU.ActiveCfg = Release|Any CPU
		{DA484018-AAE3-8969-8D96-E182390095B0}.Release|Any CPU.Build.0 = Release|Any CPU
	EndGlobalSection
	GlobalSection(SolutionProperties) = preSolution
		HideSolutionNode = FALSE
	EndGlobalSection
EndGlobal
